
Microsoft Visual Studio Solution File, Format Version 12.00
# Visual Studio Version 17
VisualStudioVersion = 17.7.34031.279
MinimumVisualStudioVersion = 10.0.40219.1
Project("{9A19103F-16F7-4668-BE54-9A1E7A4F7556}") = "CampusCore.API", "CampusCore.API\CampusCore.API.csproj", "{491E484E-E1D1-41C9-A1E0-5890829110A8}"
EndProject
Project("{9A19103F-16F7-4668-BE54-9A1E7A4F7556}") = "CampusCore.Shared", "CampusCore.Shared\CampusCore.Shared.csproj", "{EC772555-5C86-46C6-BD6C-E5B96B4F755E}"
EndProject
Global
	GlobalSection(SolutionConfigurationPlatforms) = preSolution
		Debug|Any CPU = Debug|Any CPU
		Release|Any CPU = Release|Any CPU
	EndGlobalSection
	GlobalSection(ProjectConfigurationPlatforms) = postSolution
		{491E484E-E1D1-41C9-A1E0-5890829110A8}.Debug|Any CPU.ActiveCfg = Debug|Any CPU
		{491E484E-E1D1-41C9-A1E0-5890829110A8}.Debug|Any CPU.Build.0 = Debug|Any CPU
		{491E484E-E1D1-41C9-A1E0-5890829110A8}.Release|Any CPU.ActiveCfg = Release|Any CPU
		{491E484E-E1D1-41C9-A1E0-5890829110A8}.Release|Any CPU.Build.0 = Release|Any CPU
		{EC772555-5C86-46C6-BD6C-E5B96B4F755E}.Debug|Any CPU.ActiveCfg = Debug|Any CPU
		{EC772555-5C86-46C6-BD6C-E5B96B4F755E}.Debug|Any CPU.Build.0 = Debug|Any CPU
		{EC772555-5C86-46C6-BD6C-E5B96B4F755E}.Release|Any CPU.ActiveCfg = Release|Any CPU
		{EC772555-5C86-46C6-BD6C-E5B96B4F755E}.Release|Any CPU.Build.0 = Release|Any CPU
	EndGlobalSection
	GlobalSection(SolutionProperties) = preSolution
		HideSolutionNode = FALSE
	EndGlobalSection
	GlobalSection(ExtensibilityGlobals) = postSolution
		SolutionGuid = {6DEF48F4-ABE2-4966-B006-D2B0542CC9A3}
	EndGlobalSection
EndGlobal
